// !$*UTF8*$!
{
	archiveVersion = 1;
	classes = {
	};
	objectVersion = 48;
	objects = {

/* Begin PBXBuildFile section */
		6E67AE4A26CB08AB09A9B0F0 /* Pods_Open_Weather_MapUITests.framework in Frameworks */ = {isa = PBXBuildFile; fileRef = 8874FBAB5201891CE8A0DA28 /* Pods_Open_Weather_MapUITests.framework */; };
		76C48BF4D589D89978FBC5D0 /* Pods_Open_Weather_MapTests.framework in Frameworks */ = {isa = PBXBuildFile; fileRef = F428DF17D41749679AD91F5B /* Pods_Open_Weather_MapTests.framework */; };
		C060E958E33118DEBD329F93 /* Pods_Open_Weather_Map.framework in Frameworks */ = {isa = PBXBuildFile; fileRef = DECCC822822142F7FDBEAEF9 /* Pods_Open_Weather_Map.framework */; };
		EFE3E4201FF314F500222F31 /* AppDelegate.swift in Sources */ = {isa = PBXBuildFile; fileRef = EFE3E41F1FF314F500222F31 /* AppDelegate.swift */; };
		EFE3E4271FF314F500222F31 /* Main.storyboard in Resources */ = {isa = PBXBuildFile; fileRef = EFE3E4251FF314F500222F31 /* Main.storyboard */; };
		EFE3E4291FF314F500222F31 /* Assets.xcassets in Resources */ = {isa = PBXBuildFile; fileRef = EFE3E4281FF314F500222F31 /* Assets.xcassets */; };
		EFE3E42C1FF314F500222F31 /* LaunchScreen.storyboard in Resources */ = {isa = PBXBuildFile; fileRef = EFE3E42A1FF314F500222F31 /* LaunchScreen.storyboard */; };
		EFE3E4371FF314F500222F31 /* Open_Weather_MapTests.swift in Sources */ = {isa = PBXBuildFile; fileRef = EFE3E4361FF314F500222F31 /* Open_Weather_MapTests.swift */; };
		EFE3E4421FF314F500222F31 /* Open_Weather_MapUITests.swift in Sources */ = {isa = PBXBuildFile; fileRef = EFE3E4411FF314F500222F31 /* Open_Weather_MapUITests.swift */; };
		EFE3E4511FF3173400222F31 /* Icon.png in Resources */ = {isa = PBXBuildFile; fileRef = EFE3E4501FF3173400222F31 /* Icon.png */; };
		EFE3E4541FF3191800222F31 /* OWMSelectCityViewController.swift in Sources */ = {isa = PBXBuildFile; fileRef = EFE3E4531FF3191800222F31 /* OWMSelectCityViewController.swift */; };
		EFE3E4551FF3191800222F31 /* OWMSelectCityViewController.swift in Sources */ = {isa = PBXBuildFile; fileRef = EFE3E4531FF3191800222F31 /* OWMSelectCityViewController.swift */; };
		EFE3E4561FF3191800222F31 /* OWMSelectCityViewController.swift in Sources */ = {isa = PBXBuildFile; fileRef = EFE3E4531FF3191800222F31 /* OWMSelectCityViewController.swift */; };
		EFE3E4591FF3275900222F31 /* OWMServiceManager.swift in Sources */ = {isa = PBXBuildFile; fileRef = EFE3E4581FF3275900222F31 /* OWMServiceManager.swift */; };
		EFE3E45A1FF3275900222F31 /* OWMServiceManager.swift in Sources */ = {isa = PBXBuildFile; fileRef = EFE3E4581FF3275900222F31 /* OWMServiceManager.swift */; };
		EFE3E45B1FF3275900222F31 /* OWMServiceManager.swift in Sources */ = {isa = PBXBuildFile; fileRef = EFE3E4581FF3275900222F31 /* OWMServiceManager.swift */; };
		EFE3E45F1FF347EA00222F31 /* OWMCityListModel.swift in Sources */ = {isa = PBXBuildFile; fileRef = EFE3E45E1FF347EA00222F31 /* OWMCityListModel.swift */; };
		EFE3E4601FF347EA00222F31 /* OWMCityListModel.swift in Sources */ = {isa = PBXBuildFile; fileRef = EFE3E45E1FF347EA00222F31 /* OWMCityListModel.swift */; };
		EFE3E4611FF347EA00222F31 /* OWMCityListModel.swift in Sources */ = {isa = PBXBuildFile; fileRef = EFE3E45E1FF347EA00222F31 /* OWMCityListModel.swift */; };
		EFE3E4631FF34BE000222F31 /* OWMUtilities.swift in Sources */ = {isa = PBXBuildFile; fileRef = EFE3E4621FF34BE000222F31 /* OWMUtilities.swift */; };
		EFE3E4641FF34BE000222F31 /* OWMUtilities.swift in Sources */ = {isa = PBXBuildFile; fileRef = EFE3E4621FF34BE000222F31 /* OWMUtilities.swift */; };
		EFE3E4651FF34BE000222F31 /* OWMUtilities.swift in Sources */ = {isa = PBXBuildFile; fileRef = EFE3E4621FF34BE000222F31 /* OWMUtilities.swift */; };
		EFE3E46B1FF353F600222F31 /* Environment.plist in Resources */ = {isa = PBXBuildFile; fileRef = EFE3E46A1FF353F600222F31 /* Environment.plist */; };
		EFE3E46C1FF353F600222F31 /* Environment.plist in Resources */ = {isa = PBXBuildFile; fileRef = EFE3E46A1FF353F600222F31 /* Environment.plist */; };
		EFE3E46D1FF353F600222F31 /* Environment.plist in Resources */ = {isa = PBXBuildFile; fileRef = EFE3E46A1FF353F600222F31 /* Environment.plist */; };
		EFE3E46F1FF3625B00222F31 /* OWMCityWeatherViewController.swift in Sources */ = {isa = PBXBuildFile; fileRef = EFE3E46E1FF3625B00222F31 /* OWMCityWeatherViewController.swift */; };
		EFE3E4701FF3625B00222F31 /* OWMCityWeatherViewController.swift in Sources */ = {isa = PBXBuildFile; fileRef = EFE3E46E1FF3625B00222F31 /* OWMCityWeatherViewController.swift */; };
		EFE3E4711FF3625B00222F31 /* OWMCityWeatherViewController.swift in Sources */ = {isa = PBXBuildFile; fileRef = EFE3E46E1FF3625B00222F31 /* OWMCityWeatherViewController.swift */; };
		EFE3E4741FF386B200222F31 /* Reachability in Resources */ = {isa = PBXBuildFile; fileRef = EFE3E4731FF386B100222F31 /* Reachability */; };
		EFE3E4751FF386B200222F31 /* Reachability in Resources */ = {isa = PBXBuildFile; fileRef = EFE3E4731FF386B100222F31 /* Reachability */; };
		EFE3E4761FF386B200222F31 /* Reachability in Resources */ = {isa = PBXBuildFile; fileRef = EFE3E4731FF386B100222F31 /* Reachability */; };
/* End PBXBuildFile section */

/* Begin PBXContainerItemProxy section */
		EFE3E4331FF314F500222F31 /* PBXContainerItemProxy */ = {
			isa = PBXContainerItemProxy;
			containerPortal = EFE3E4141FF314F500222F31 /* Project object */;
			proxyType = 1;
			remoteGlobalIDString = EFE3E41B1FF314F500222F31;
			remoteInfo = "Open Weather Map";
		};
		EFE3E43E1FF314F500222F31 /* PBXContainerItemProxy */ = {
			isa = PBXContainerItemProxy;
			containerPortal = EFE3E4141FF314F500222F31 /* Project object */;
			proxyType = 1;
			remoteGlobalIDString = EFE3E41B1FF314F500222F31;
			remoteInfo = "Open Weather Map";
		};
/* End PBXContainerItemProxy section */

/* Begin PBXFileReference section */
		1CB69D1694E65DE4F6B2DFE4 /* Pods-Open Weather MapUITests.debug.xcconfig */ = {isa = PBXFileReference; includeInIndex = 1; lastKnownFileType = text.xcconfig; name = "Pods-Open Weather MapUITests.debug.xcconfig"; path = "Pods/Target Support Files/Pods-Open Weather MapUITests/Pods-Open Weather MapUITests.debug.xcconfig"; sourceTree = "<group>"; };
		8874FBAB5201891CE8A0DA28 /* Pods_Open_Weather_MapUITests.framework */ = {isa = PBXFileReference; explicitFileType = wrapper.framework; includeInIndex = 0; path = Pods_Open_Weather_MapUITests.framework; sourceTree = BUILT_PRODUCTS_DIR; };
		A21315563525FF52E30AF610 /* Pods-Open Weather Map.release.xcconfig */ = {isa = PBXFileReference; includeInIndex = 1; lastKnownFileType = text.xcconfig; name = "Pods-Open Weather Map.release.xcconfig"; path = "Pods/Target Support Files/Pods-Open Weather Map/Pods-Open Weather Map.release.xcconfig"; sourceTree = "<group>"; };
		BF50D5F61EAE2C56C01201AB /* Pods-Open Weather MapTests.debug.xcconfig */ = {isa = PBXFileReference; includeInIndex = 1; lastKnownFileType = text.xcconfig; name = "Pods-Open Weather MapTests.debug.xcconfig"; path = "Pods/Target Support Files/Pods-Open Weather MapTests/Pods-Open Weather MapTests.debug.xcconfig"; sourceTree = "<group>"; };
		CF94D0E5B64BF7184375FC19 /* Pods-Open Weather MapTests.release.xcconfig */ = {isa = PBXFileReference; includeInIndex = 1; lastKnownFileType = text.xcconfig; name = "Pods-Open Weather MapTests.release.xcconfig"; path = "Pods/Target Support Files/Pods-Open Weather MapTests/Pods-Open Weather MapTests.release.xcconfig"; sourceTree = "<group>"; };
		D7D67B770DEB104DD3DCC071 /* Pods-Open Weather MapUITests.release.xcconfig */ = {isa = PBXFileReference; includeInIndex = 1; lastKnownFileType = text.xcconfig; name = "Pods-Open Weather MapUITests.release.xcconfig"; path = "Pods/Target Support Files/Pods-Open Weather MapUITests/Pods-Open Weather MapUITests.release.xcconfig"; sourceTree = "<group>"; };
		DECCC822822142F7FDBEAEF9 /* Pods_Open_Weather_Map.framework */ = {isa = PBXFileReference; explicitFileType = wrapper.framework; includeInIndex = 0; path = Pods_Open_Weather_Map.framework; sourceTree = BUILT_PRODUCTS_DIR; };
		E75D7470EFFD3C5725869207 /* Pods-Open Weather Map.debug.xcconfig */ = {isa = PBXFileReference; includeInIndex = 1; lastKnownFileType = text.xcconfig; name = "Pods-Open Weather Map.debug.xcconfig"; path = "Pods/Target Support Files/Pods-Open Weather Map/Pods-Open Weather Map.debug.xcconfig"; sourceTree = "<group>"; };
		EFE3E41C1FF314F500222F31 /* Open Weather Map.app */ = {isa = PBXFileReference; explicitFileType = wrapper.application; includeInIndex = 0; path = "Open Weather Map.app"; sourceTree = BUILT_PRODUCTS_DIR; };
		EFE3E41F1FF314F500222F31 /* AppDelegate.swift */ = {isa = PBXFileReference; lastKnownFileType = sourcecode.swift; path = AppDelegate.swift; sourceTree = "<group>"; };
		EFE3E4261FF314F500222F31 /* Base */ = {isa = PBXFileReference; lastKnownFileType = file.storyboard; name = Base; path = Base.lproj/Main.storyboard; sourceTree = "<group>"; };
		EFE3E4281FF314F500222F31 /* Assets.xcassets */ = {isa = PBXFileReference; lastKnownFileType = folder.assetcatalog; path = Assets.xcassets; sourceTree = "<group>"; };
		EFE3E42B1FF314F500222F31 /* Base */ = {isa = PBXFileReference; lastKnownFileType = file.storyboard; name = Base; path = Base.lproj/LaunchScreen.storyboard; sourceTree = "<group>"; };
		EFE3E42D1FF314F500222F31 /* Info.plist */ = {isa = PBXFileReference; lastKnownFileType = text.plist.xml; path = Info.plist; sourceTree = "<group>"; };
		EFE3E4321FF314F500222F31 /* Open Weather MapTests.xctest */ = {isa = PBXFileReference; explicitFileType = wrapper.cfbundle; includeInIndex = 0; path = "Open Weather MapTests.xctest"; sourceTree = BUILT_PRODUCTS_DIR; };
		EFE3E4361FF314F500222F31 /* Open_Weather_MapTests.swift */ = {isa = PBXFileReference; lastKnownFileType = sourcecode.swift; path = Open_Weather_MapTests.swift; sourceTree = "<group>"; };
		EFE3E4381FF314F500222F31 /* Info.plist */ = {isa = PBXFileReference; lastKnownFileType = text.plist.xml; path = Info.plist; sourceTree = "<group>"; };
		EFE3E43D1FF314F500222F31 /* Open Weather MapUITests.xctest */ = {isa = PBXFileReference; explicitFileType = wrapper.cfbundle; includeInIndex = 0; path = "Open Weather MapUITests.xctest"; sourceTree = BUILT_PRODUCTS_DIR; };
		EFE3E4411FF314F500222F31 /* Open_Weather_MapUITests.swift */ = {isa = PBXFileReference; lastKnownFileType = sourcecode.swift; path = Open_Weather_MapUITests.swift; sourceTree = "<group>"; };
		EFE3E4431FF314F500222F31 /* Info.plist */ = {isa = PBXFileReference; lastKnownFileType = text.plist.xml; path = Info.plist; sourceTree = "<group>"; };
		EFE3E4501FF3173400222F31 /* Icon.png */ = {isa = PBXFileReference; lastKnownFileType = image.png; path = Icon.png; sourceTree = "<group>"; };
		EFE3E4531FF3191800222F31 /* OWMSelectCityViewController.swift */ = {isa = PBXFileReference; lastKnownFileType = sourcecode.swift; path = OWMSelectCityViewController.swift; sourceTree = "<group>"; };
		EFE3E4581FF3275900222F31 /* OWMServiceManager.swift */ = {isa = PBXFileReference; lastKnownFileType = sourcecode.swift; path = OWMServiceManager.swift; sourceTree = "<group>"; };
		EFE3E45E1FF347EA00222F31 /* OWMCityListModel.swift */ = {isa = PBXFileReference; lastKnownFileType = sourcecode.swift; path = OWMCityListModel.swift; sourceTree = "<group>"; };
		EFE3E4621FF34BE000222F31 /* OWMUtilities.swift */ = {isa = PBXFileReference; lastKnownFileType = sourcecode.swift; path = OWMUtilities.swift; sourceTree = "<group>"; };
		EFE3E46A1FF353F600222F31 /* Environment.plist */ = {isa = PBXFileReference; lastKnownFileType = text.plist.xml; path = Environment.plist; sourceTree = "<group>"; };
		EFE3E46E1FF3625B00222F31 /* OWMCityWeatherViewController.swift */ = {isa = PBXFileReference; lastKnownFileType = sourcecode.swift; path = OWMCityWeatherViewController.swift; sourceTree = "<group>"; };
		EFE3E4731FF386B100222F31 /* Reachability */ = {isa = PBXFileReference; lastKnownFileType = folder; path = Reachability; sourceTree = "<group>"; };
		F428DF17D41749679AD91F5B /* Pods_Open_Weather_MapTests.framework */ = {isa = PBXFileReference; explicitFileType = wrapper.framework; includeInIndex = 0; path = Pods_Open_Weather_MapTests.framework; sourceTree = BUILT_PRODUCTS_DIR; };
/* End PBXFileReference section */

/* Begin PBXFrameworksBuildPhase section */
		EFE3E4191FF314F500222F31 /* Frameworks */ = {
			isa = PBXFrameworksBuildPhase;
			buildActionMask = 2147483647;
			files = (
				C060E958E33118DEBD329F93 /* Pods_Open_Weather_Map.framework in Frameworks */,
			);
			runOnlyForDeploymentPostprocessing = 0;
		};
		EFE3E42F1FF314F500222F31 /* Frameworks */ = {
			isa = PBXFrameworksBuildPhase;
			buildActionMask = 2147483647;
			files = (
				76C48BF4D589D89978FBC5D0 /* Pods_Open_Weather_MapTests.framework in Frameworks */,
			);
			runOnlyForDeploymentPostprocessing = 0;
		};
		EFE3E43A1FF314F500222F31 /* Frameworks */ = {
			isa = PBXFrameworksBuildPhase;
			buildActionMask = 2147483647;
			files = (
				6E67AE4A26CB08AB09A9B0F0 /* Pods_Open_Weather_MapUITests.framework in Frameworks */,
			);
			runOnlyForDeploymentPostprocessing = 0;
		};
/* End PBXFrameworksBuildPhase section */

/* Begin PBXGroup section */
		01EB009B11B7E6E531880E9A /* Pods */ = {
			isa = PBXGroup;
			children = (
				E75D7470EFFD3C5725869207 /* Pods-Open Weather Map.debug.xcconfig */,
				A21315563525FF52E30AF610 /* Pods-Open Weather Map.release.xcconfig */,
				BF50D5F61EAE2C56C01201AB /* Pods-Open Weather MapTests.debug.xcconfig */,
				CF94D0E5B64BF7184375FC19 /* Pods-Open Weather MapTests.release.xcconfig */,
				1CB69D1694E65DE4F6B2DFE4 /* Pods-Open Weather MapUITests.debug.xcconfig */,
				D7D67B770DEB104DD3DCC071 /* Pods-Open Weather MapUITests.release.xcconfig */,
			);
			name = Pods;
			sourceTree = "<group>";
		};
		28B49B3721DB2FED714F7227 /* Frameworks */ = {
			isa = PBXGroup;
			children = (
				DECCC822822142F7FDBEAEF9 /* Pods_Open_Weather_Map.framework */,
				F428DF17D41749679AD91F5B /* Pods_Open_Weather_MapTests.framework */,
				8874FBAB5201891CE8A0DA28 /* Pods_Open_Weather_MapUITests.framework */,
			);
			name = Frameworks;
			sourceTree = "<group>";
		};
		EFE3E4131FF314F500222F31 = {
			isa = PBXGroup;
			children = (
				EFE3E41E1FF314F500222F31 /* Open Weather Map */,
				EFE3E4351FF314F500222F31 /* Open Weather MapTests */,
				EFE3E4401FF314F500222F31 /* Open Weather MapUITests */,
				EFE3E41D1FF314F500222F31 /* Products */,
				01EB009B11B7E6E531880E9A /* Pods */,
				28B49B3721DB2FED714F7227 /* Frameworks */,
			);
			sourceTree = "<group>";
		};
		EFE3E41D1FF314F500222F31 /* Products */ = {
			isa = PBXGroup;
			children = (
				EFE3E41C1FF314F500222F31 /* Open Weather Map.app */,
				EFE3E4321FF314F500222F31 /* Open Weather MapTests.xctest */,
				EFE3E43D1FF314F500222F31 /* Open Weather MapUITests.xctest */,
			);
			name = Products;
			sourceTree = "<group>";
		};
		EFE3E41E1FF314F500222F31 /* Open Weather Map */ = {
			isa = PBXGroup;
			children = (
				EFE3E4721FF3869F00222F31 /* Libs */,
				EFE3E45D1FF347CC00222F31 /* Models */,
				EFE3E4571FF3273F00222F31 /* Service Manager */,
				EFE3E4521FF318DB00222F31 /* Controllers */,
				EFE3E44F1FF316F200222F31 /* Resources */,
				EFE3E41F1FF314F500222F31 /* AppDelegate.swift */,
				EFE3E4251FF314F500222F31 /* Main.storyboard */,
				EFE3E4281FF314F500222F31 /* Assets.xcassets */,
				EFE3E42A1FF314F500222F31 /* LaunchScreen.storyboard */,
				EFE3E42D1FF314F500222F31 /* Info.plist */,
				EFE3E4621FF34BE000222F31 /* OWMUtilities.swift */,
			);
			path = "Open Weather Map";
			sourceTree = "<group>";
		};
		EFE3E4351FF314F500222F31 /* Open Weather MapTests */ = {
			isa = PBXGroup;
			children = (
				EFE3E4361FF314F500222F31 /* Open_Weather_MapTests.swift */,
				EFE3E4381FF314F500222F31 /* Info.plist */,
			);
			path = "Open Weather MapTests";
			sourceTree = "<group>";
		};
		EFE3E4401FF314F500222F31 /* Open Weather MapUITests */ = {
			isa = PBXGroup;
			children = (
				EFE3E4411FF314F500222F31 /* Open_Weather_MapUITests.swift */,
				EFE3E4431FF314F500222F31 /* Info.plist */,
			);
			path = "Open Weather MapUITests";
			sourceTree = "<group>";
		};
		EFE3E44F1FF316F200222F31 /* Resources */ = {
			isa = PBXGroup;
			children = (
				EFE3E4501FF3173400222F31 /* Icon.png */,
				EFE3E46A1FF353F600222F31 /* Environment.plist */,
			);
			path = Resources;
			sourceTree = "<group>";
		};
		EFE3E4521FF318DB00222F31 /* Controllers */ = {
			isa = PBXGroup;
			children = (
				EFE3E4531FF3191800222F31 /* OWMSelectCityViewController.swift */,
				EFE3E46E1FF3625B00222F31 /* OWMCityWeatherViewController.swift */,
			);
			path = Controllers;
			sourceTree = "<group>";
		};
		EFE3E4571FF3273F00222F31 /* Service Manager */ = {
			isa = PBXGroup;
			children = (
				EFE3E4581FF3275900222F31 /* OWMServiceManager.swift */,
			);
			path = "Service Manager";
			sourceTree = "<group>";
		};
		EFE3E45D1FF347CC00222F31 /* Models */ = {
			isa = PBXGroup;
			children = (
				EFE3E45E1FF347EA00222F31 /* OWMCityListModel.swift */,
			);
			path = Models;
			sourceTree = "<group>";
		};
		EFE3E4721FF3869F00222F31 /* Libs */ = {
			isa = PBXGroup;
			children = (
				EFE3E4731FF386B100222F31 /* Reachability */,
			);
			path = Libs;
			sourceTree = "<group>";
		};
/* End PBXGroup section */

/* Begin PBXNativeTarget section */
		EFE3E41B1FF314F500222F31 /* Open Weather Map */ = {
			isa = PBXNativeTarget;
			buildConfigurationList = EFE3E4461FF314F500222F31 /* Build configuration list for PBXNativeTarget "Open Weather Map" */;
			buildPhases = (
				C1BDF9113C73001951A7B4B6 /* [CP] Check Pods Manifest.lock */,
				EFE3E4181FF314F500222F31 /* Sources */,
				EFE3E4191FF314F500222F31 /* Frameworks */,
				EFE3E41A1FF314F500222F31 /* Resources */,
				4AB279BED91643EE55AA1233 /* [CP] Embed Pods Frameworks */,
				58505EBD105D5F6FACF64FE1 /* [CP] Copy Pods Resources */,
			);
			buildRules = (
			);
			dependencies = (
			);
			name = "Open Weather Map";
			productName = "Open Weather Map";
			productReference = EFE3E41C1FF314F500222F31 /* Open Weather Map.app */;
			productType = "com.apple.product-type.application";
		};
		EFE3E4311FF314F500222F31 /* Open Weather MapTests */ = {
			isa = PBXNativeTarget;
			buildConfigurationList = EFE3E4491FF314F500222F31 /* Build configuration list for PBXNativeTarget "Open Weather MapTests" */;
			buildPhases = (
				5462937A085E4A4732F4909F /* [CP] Check Pods Manifest.lock */,
				EFE3E42E1FF314F500222F31 /* Sources */,
				EFE3E42F1FF314F500222F31 /* Frameworks */,
				EFE3E4301FF314F500222F31 /* Resources */,
				0B7D4D9FB90BFAF59F590897 /* [CP] Embed Pods Frameworks */,
				DCB88F2BFC0A277EDC20609B /* [CP] Copy Pods Resources */,
			);
			buildRules = (
			);
			dependencies = (
				EFE3E4341FF314F500222F31 /* PBXTargetDependency */,
			);
			name = "Open Weather MapTests";
			productName = "Open Weather MapTests";
			productReference = EFE3E4321FF314F500222F31 /* Open Weather MapTests.xctest */;
			productType = "com.apple.product-type.bundle.unit-test";
		};
		EFE3E43C1FF314F500222F31 /* Open Weather MapUITests */ = {
			isa = PBXNativeTarget;
			buildConfigurationList = EFE3E44C1FF314F500222F31 /* Build configuration list for PBXNativeTarget "Open Weather MapUITests" */;
			buildPhases = (
				858058D46029806BD6E9274E /* [CP] Check Pods Manifest.lock */,
				EFE3E4391FF314F500222F31 /* Sources */,
				EFE3E43A1FF314F500222F31 /* Frameworks */,
				EFE3E43B1FF314F500222F31 /* Resources */,
				D2625BEA1A898715D1EFB4E3 /* [CP] Embed Pods Frameworks */,
				6D4E4CFCC14589D1A1803293 /* [CP] Copy Pods Resources */,
			);
			buildRules = (
			);
			dependencies = (
				EFE3E43F1FF314F500222F31 /* PBXTargetDependency */,
			);
			name = "Open Weather MapUITests";
			productName = "Open Weather MapUITests";
			productReference = EFE3E43D1FF314F500222F31 /* Open Weather MapUITests.xctest */;
			productType = "com.apple.product-type.bundle.ui-testing";
		};
/* End PBXNativeTarget section */

/* Begin PBXProject section */
		EFE3E4141FF314F500222F31 /* Project object */ = {
			isa = PBXProject;
			attributes = {
				LastSwiftUpdateCheck = 0920;
				LastUpgradeCheck = 0920;
				ORGANIZATIONNAME = parthi;
				TargetAttributes = {
					EFE3E41B1FF314F500222F31 = {
						CreatedOnToolsVersion = 9.2;
						ProvisioningStyle = Automatic;
					};
					EFE3E4311FF314F500222F31 = {
						CreatedOnToolsVersion = 9.2;
						ProvisioningStyle = Automatic;
						TestTargetID = EFE3E41B1FF314F500222F31;
					};
					EFE3E43C1FF314F500222F31 = {
						CreatedOnToolsVersion = 9.2;
						ProvisioningStyle = Automatic;
						TestTargetID = EFE3E41B1FF314F500222F31;
					};
				};
			};
			buildConfigurationList = EFE3E4171FF314F500222F31 /* Build configuration list for PBXProject "Open Weather Map" */;
			compatibilityVersion = "Xcode 8.0";
			developmentRegion = en;
			hasScannedForEncodings = 0;
			knownRegions = (
				en,
				Base,
			);
			mainGroup = EFE3E4131FF314F500222F31;
			productRefGroup = EFE3E41D1FF314F500222F31 /* Products */;
			projectDirPath = "";
			projectRoot = "";
			targets = (
				EFE3E41B1FF314F500222F31 /* Open Weather Map */,
				EFE3E4311FF314F500222F31 /* Open Weather MapTests */,
				EFE3E43C1FF314F500222F31 /* Open Weather MapUITests */,
			);
		};
/* End PBXProject section */

/* Begin PBXResourcesBuildPhase section */
		EFE3E41A1FF314F500222F31 /* Resources */ = {
			isa = PBXResourcesBuildPhase;
			buildActionMask = 2147483647;
			files = (
				EFE3E4511FF3173400222F31 /* Icon.png in Resources */,
				EFE3E4741FF386B200222F31 /* Reachability in Resources */,
				EFE3E42C1FF314F500222F31 /* LaunchScreen.storyboard in Resources */,
				EFE3E4291FF314F500222F31 /* Assets.xcassets in Resources */,
				EFE3E4271FF314F500222F31 /* Main.storyboard in Resources */,
				EFE3E46B1FF353F600222F31 /* Environment.plist in Resources */,
			);
			runOnlyForDeploymentPostprocessing = 0;
		};
		EFE3E4301FF314F500222F31 /* Resources */ = {
			isa = PBXResourcesBuildPhase;
			buildActionMask = 2147483647;
			files = (
				EFE3E46C1FF353F600222F31 /* Environment.plist in Resources */,
				EFE3E4751FF386B200222F31 /* Reachability in Resources */,
			);
			runOnlyForDeploymentPostprocessing = 0;
		};
		EFE3E43B1FF314F500222F31 /* Resources */ = {
			isa = PBXResourcesBuildPhase;
			buildActionMask = 2147483647;
			files = (
				EFE3E46D1FF353F600222F31 /* Environment.plist in Resources */,
				EFE3E4761FF386B200222F31 /* Reachability in Resources */,
			);
			runOnlyForDeploymentPostprocessing = 0;
		};
/* End PBXResourcesBuildPhase section */

/* Begin PBXShellScriptBuildPhase section */
		0B7D4D9FB90BFAF59F590897 /* [CP] Embed Pods Frameworks */ = {
			isa = PBXShellScriptBuildPhase;
			buildActionMask = 2147483647;
			files = (
			);
			inputPaths = (
			);
			name = "[CP] Embed Pods Frameworks";
			outputPaths = (
			);
			runOnlyForDeploymentPostprocessing = 0;
			shellPath = /bin/sh;
			shellScript = "\"${SRCROOT}/Pods/Target Support Files/Pods-Open Weather MapTests/Pods-Open Weather MapTests-frameworks.sh\"\n";
			showEnvVarsInLog = 0;
		};
		4AB279BED91643EE55AA1233 /* [CP] Embed Pods Frameworks */ = {
			isa = PBXShellScriptBuildPhase;
			buildActionMask = 2147483647;
			files = (
			);
			inputPaths = (
				"${SRCROOT}/Pods/Target Support Files/Pods-Open Weather Map/Pods-Open Weather Map-frameworks.sh",
				"${BUILT_PRODUCTS_DIR}/Alamofire/Alamofire.framework",
			);
			name = "[CP] Embed Pods Frameworks";
			outputPaths = (
				"${TARGET_BUILD_DIR}/${FRAMEWORKS_FOLDER_PATH}/Alamofire.framework",
			);
			runOnlyForDeploymentPostprocessing = 0;
			shellPath = /bin/sh;
			shellScript = "\"${SRCROOT}/Pods/Target Support Files/Pods-Open Weather Map/Pods-Open Weather Map-frameworks.sh\"\n";
			showEnvVarsInLog = 0;
		};
		5462937A085E4A4732F4909F /* [CP] Check Pods Manifest.lock */ = {
			isa = PBXShellScriptBuildPhase;
			buildActionMask = 2147483647;
			files = (
			);
			inputPaths = (
				"${PODS_PODFILE_DIR_PATH}/Podfile.lock",
				"${PODS_ROOT}/Manifest.lock",
			);
			name = "[CP] Check Pods Manifest.lock";
			outputPaths = (
				"$(DERIVED_FILE_DIR)/Pods-Open Weather MapTests-checkManifestLockResult.txt",
			);
			runOnlyForDeploymentPostprocessing = 0;
			shellPath = /bin/sh;
			shellScript = "diff \"${PODS_PODFILE_DIR_PATH}/Podfile.lock\" \"${PODS_ROOT}/Manifest.lock\" > /dev/null\nif [ $? != 0 ] ; then\n    # print error to STDERR\n    echo \"error: The sandbox is not in sync with the Podfile.lock. Run 'pod install' or update your CocoaPods installation.\" >&2\n    exit 1\nfi\n# This output is used by Xcode 'outputs' to avoid re-running this script phase.\necho \"SUCCESS\" > \"${SCRIPT_OUTPUT_FILE_0}\"\n";
			showEnvVarsInLog = 0;
		};
		58505EBD105D5F6FACF64FE1 /* [CP] Copy Pods Resources */ = {
			isa = PBXShellScriptBuildPhase;
			buildActionMask = 2147483647;
			files = (
			);
			inputPaths = (
			);
			name = "[CP] Copy Pods Resources";
			outputPaths = (
			);
			runOnlyForDeploymentPostprocessing = 0;
			shellPath = /bin/sh;
			shellScript = "\"${SRCROOT}/Pods/Target Support Files/Pods-Open Weather Map/Pods-Open Weather Map-resources.sh\"\n";
			showEnvVarsInLog = 0;
		};
		6D4E4CFCC14589D1A1803293 /* [CP] Copy Pods Resources */ = {
			isa = PBXShellScriptBuildPhase;
			buildActionMask = 2147483647;
			files = (
			);
			inputPaths = (
			);
			name = "[CP] Copy Pods Resources";
			outputPaths = (
			);
			runOnlyForDeploymentPostprocessing = 0;
			shellPath = /bin/sh;
			shellScript = "\"${SRCROOT}/Pods/Target Support Files/Pods-Open Weather MapUITests/Pods-Open Weather MapUITests-resources.sh\"\n";
			showEnvVarsInLog = 0;
		};
		858058D46029806BD6E9274E /* [CP] Check Pods Manifest.lock */ = {
			isa = PBXShellScriptBuildPhase;
			buildActionMask = 2147483647;
			files = (
			);
			inputPaths = (
				"${PODS_PODFILE_DIR_PATH}/Podfile.lock",
				"${PODS_ROOT}/Manifest.lock",
			);
			name = "[CP] Check Pods Manifest.lock";
			outputPaths = (
				"$(DERIVED_FILE_DIR)/Pods-Open Weather MapUITests-checkManifestLockResult.txt",
			);
			runOnlyForDeploymentPostprocessing = 0;
			shellPath = /bin/sh;
			shellScript = "diff \"${PODS_PODFILE_DIR_PATH}/Podfile.lock\" \"${PODS_ROOT}/Manifest.lock\" > /dev/null\nif [ $? != 0 ] ; then\n    # print error to STDERR\n    echo \"error: The sandbox is not in sync with the Podfile.lock. Run 'pod install' or update your CocoaPods installation.\" >&2\n    exit 1\nfi\n# This output is used by Xcode 'outputs' to avoid re-running this script phase.\necho \"SUCCESS\" > \"${SCRIPT_OUTPUT_FILE_0}\"\n";
			showEnvVarsInLog = 0;
		};
		C1BDF9113C73001951A7B4B6 /* [CP] Check Pods Manifest.lock */ = {
			isa = PBXShellScriptBuildPhase;
			buildActionMask = 2147483647;
			files = (
			);
			inputPaths = (
				"${PODS_PODFILE_DIR_PATH}/Podfile.lock",
				"${PODS_ROOT}/Manifest.lock",
			);
			name = "[CP] Check Pods Manifest.lock";
			outputPaths = (
				"$(DERIVED_FILE_DIR)/Pods-Open Weather Map-checkManifestLockResult.txt",
			);
			runOnlyForDeploymentPostprocessing = 0;
			shellPath = /bin/sh;
			shellScript = "diff \"${PODS_PODFILE_DIR_PATH}/Podfile.lock\" \"${PODS_ROOT}/Manifest.lock\" > /dev/null\nif [ $? != 0 ] ; then\n    # print error to STDERR\n    echo \"error: The sandbox is not in sync with the Podfile.lock. Run 'pod install' or update your CocoaPods installation.\" >&2\n    exit 1\nfi\n# This output is used by Xcode 'outputs' to avoid re-running this script phase.\necho \"SUCCESS\" > \"${SCRIPT_OUTPUT_FILE_0}\"\n";
			showEnvVarsInLog = 0;
		};
		D2625BEA1A898715D1EFB4E3 /* [CP] Embed Pods Frameworks */ = {
			isa = PBXShellScriptBuildPhase;
			buildActionMask = 2147483647;
			files = (
			);
			inputPaths = (
			);
			name = "[CP] Embed Pods Frameworks";
			outputPaths = (
			);
			runOnlyForDeploymentPostprocessing = 0;
			shellPath = /bin/sh;
			shellScript = "\"${SRCROOT}/Pods/Target Support Files/Pods-Open Weather MapUITests/Pods-Open Weather MapUITests-frameworks.sh\"\n";
			showEnvVarsInLog = 0;
		};
		DCB88F2BFC0A277EDC20609B /* [CP] Copy Pods Resources */ = {
			isa = PBXShellScriptBuildPhase;
			buildActionMask = 2147483647;
			files = (
			);
			inputPaths = (
			);
			name = "[CP] Copy Pods Resources";
			outputPaths = (
			);
			runOnlyForDeploymentPostprocessing = 0;
			shellPath = /bin/sh;
			shellScript = "\"${SRCROOT}/Pods/Target Support Files/Pods-Open Weather MapTests/Pods-Open Weather MapTests-resources.sh\"\n";
			showEnvVarsInLog = 0;
		};
/* End PBXShellScriptBuildPhase section */

/* Begin PBXSourcesBuildPhase section */
		EFE3E4181FF314F500222F31 /* Sources */ = {
			isa = PBXSourcesBuildPhase;
			buildActionMask = 2147483647;
			files = (
				EFE3E46F1FF3625B00222F31 /* OWMCityWeatherViewController.swift in Sources */,
				EFE3E4591FF3275900222F31 /* OWMServiceManager.swift in Sources */,
				EFE3E4631FF34BE000222F31 /* OWMUtilities.swift in Sources */,
				EFE3E4201FF314F500222F31 /* AppDelegate.swift in Sources */,
				EFE3E45F1FF347EA00222F31 /* OWMCityListModel.swift in Sources */,
				EFE3E4541FF3191800222F31 /* OWMSelectCityViewController.swift in Sources */,
			);
			runOnlyForDeploymentPostprocessing = 0;
		};
		EFE3E42E1FF314F500222F31 /* Sources */ = {
			isa = PBXSourcesBuildPhase;
			buildActionMask = 2147483647;
			files = (
				EFE3E4701FF3625B00222F31 /* OWMCityWeatherViewController.swift in Sources */,
				EFE3E45A1FF3275900222F31 /* OWMServiceManager.swift in Sources */,
				EFE3E4641FF34BE000222F31 /* OWMUtilities.swift in Sources */,
				EFE3E4371FF314F500222F31 /* Open_Weather_MapTests.swift in Sources */,
				EFE3E4601FF347EA00222F31 /* OWMCityListModel.swift in Sources */,
				EFE3E4551FF3191800222F31 /* OWMSelectCityViewController.swift in Sources */,
			);
			runOnlyForDeploymentPostprocessing = 0;
		};
		EFE3E4391FF314F500222F31 /* Sources */ = {
			isa = PBXSourcesBuildPhase;
			buildActionMask = 2147483647;
			files = (
				EFE3E4711FF3625B00222F31 /* OWMCityWeatherViewController.swift in Sources */,
				EFE3E45B1FF3275900222F31 /* OWMServiceManager.swift in Sources */,
				EFE3E4651FF34BE000222F31 /* OWMUtilities.swift in Sources */,
				EFE3E4421FF314F500222F31 /* Open_Weather_MapUITests.swift in Sources */,
				EFE3E4611FF347EA00222F31 /* OWMCityListModel.swift in Sources */,
				EFE3E4561FF3191800222F31 /* OWMSelectCityViewController.swift in Sources */,
			);
			runOnlyForDeploymentPostprocessing = 0;
		};
/* End PBXSourcesBuildPhase section */

/* Begin PBXTargetDependency section */
		EFE3E4341FF314F500222F31 /* PBXTargetDependency */ = {
			isa = PBXTargetDependency;
			target = EFE3E41B1FF314F500222F31 /* Open Weather Map */;
			targetProxy = EFE3E4331FF314F500222F31 /* PBXContainerItemProxy */;
		};
		EFE3E43F1FF314F500222F31 /* PBXTargetDependency */ = {
			isa = PBXTargetDependency;
			target = EFE3E41B1FF314F500222F31 /* Open Weather Map */;
			targetProxy = EFE3E43E1FF314F500222F31 /* PBXContainerItemProxy */;
		};
/* End PBXTargetDependency section */

/* Begin PBXVariantGroup section */
		EFE3E4251FF314F500222F31 /* Main.storyboard */ = {
			isa = PBXVariantGroup;
			children = (
				EFE3E4261FF314F500222F31 /* Base */,
			);
			name = Main.storyboard;
			sourceTree = "<group>";
		};
		EFE3E42A1FF314F500222F31 /* LaunchScreen.storyboard */ = {
			isa = PBXVariantGroup;
			children = (
				EFE3E42B1FF314F500222F31 /* Base */,
			);
			name = LaunchScreen.storyboard;
			sourceTree = "<group>";
		};
/* End PBXVariantGroup section */

/* Begin XCBuildConfiguration section */
		EFE3E4441FF314F500222F31 /* Debug */ = {
			isa = XCBuildConfiguration;
			buildSettings = {
				ALWAYS_SEARCH_USER_PATHS = NO;
				CLANG_ANALYZER_NONNULL = YES;
				CLANG_ANALYZER_NUMBER_OBJECT_CONVERSION = YES_AGGRESSIVE;
				CLANG_CXX_LANGUAGE_STANDARD = "gnu++14";
				CLANG_CXX_LIBRARY = "libc++";
				CLANG_ENABLE_MODULES = YES;
				CLANG_ENABLE_OBJC_ARC = YES;
				CLANG_WARN_BLOCK_CAPTURE_AUTORELEASING = YES;
				CLANG_WARN_BOOL_CONVERSION = YES;
				CLANG_WARN_COMMA = YES;
				CLANG_WARN_CONSTANT_CONVERSION = YES;
				CLANG_WARN_DIRECT_OBJC_ISA_USAGE = YES_ERROR;
				CLANG_WARN_DOCUMENTATION_COMMENTS = YES;
				CLANG_WARN_EMPTY_BODY = YES;
				CLANG_WARN_ENUM_CONVERSION = YES;
				CLANG_WARN_INFINITE_RECURSION = YES;
				CLANG_WARN_INT_CONVERSION = YES;
				CLANG_WARN_NON_LITERAL_NULL_CONVERSION = YES;
				CLANG_WARN_OBJC_LITERAL_CONVERSION = YES;
				CLANG_WARN_OBJC_ROOT_CLASS = YES_ERROR;
				CLANG_WARN_RANGE_LOOP_ANALYSIS = YES;
				CLANG_WARN_STRICT_PROTOTYPES = YES;
				CLANG_WARN_SUSPICIOUS_MOVE = YES;
				CLANG_WARN_UNGUARDED_AVAILABILITY = YES_AGGRESSIVE;
				CLANG_WARN_UNREACHABLE_CODE = YES;
				CLANG_WARN__DUPLICATE_METHOD_MATCH = YES;
				CODE_SIGN_IDENTITY = "iPhone Developer";
				COPY_PHASE_STRIP = NO;
				DEBUG_INFORMATION_FORMAT = dwarf;
				ENABLE_STRICT_OBJC_MSGSEND = YES;
				ENABLE_TESTABILITY = YES;
				GCC_C_LANGUAGE_STANDARD = gnu11;
				GCC_DYNAMIC_NO_PIC = NO;
				GCC_NO_COMMON_BLOCKS = YES;
				GCC_OPTIMIZATION_LEVEL = 0;
				GCC_PREPROCESSOR_DEFINITIONS = (
					"DEBUG=1",
					"$(inherited)",
				);
				GCC_WARN_64_TO_32_BIT_CONVERSION = YES;
				GCC_WARN_ABOUT_RETURN_TYPE = YES_ERROR;
				GCC_WARN_UNDECLARED_SELECTOR = YES;
				GCC_WARN_UNINITIALIZED_AUTOS = YES_AGGRESSIVE;
				GCC_WARN_UNUSED_FUNCTION = YES;
				GCC_WARN_UNUSED_VARIABLE = YES;
				IPHONEOS_DEPLOYMENT_TARGET = 11.2;
				MTL_ENABLE_DEBUG_INFO = YES;
				ONLY_ACTIVE_ARCH = YES;
				SDKROOT = iphoneos;
				SWIFT_ACTIVE_COMPILATION_CONDITIONS = DEBUG;
				SWIFT_OPTIMIZATION_LEVEL = "-Onone";
			};
			name = Debug;
		};
		EFE3E4451FF314F500222F31 /* Release */ = {
			isa = XCBuildConfiguration;
			buildSettings = {
				ALWAYS_SEARCH_USER_PATHS = NO;
				CLANG_ANALYZER_NONNULL = YES;
				CLANG_ANALYZER_NUMBER_OBJECT_CONVERSION = YES_AGGRESSIVE;
				CLANG_CXX_LANGUAGE_STANDARD = "gnu++14";
				CLANG_CXX_LIBRARY = "libc++";
				CLANG_ENABLE_MODULES = YES;
				CLANG_ENABLE_OBJC_ARC = YES;
				CLANG_WARN_BLOCK_CAPTURE_AUTORELEASING = YES;
				CLANG_WARN_BOOL_CONVERSION = YES;
				CLANG_WARN_COMMA = YES;
				CLANG_WARN_CONSTANT_CONVERSION = YES;
				CLANG_WARN_DIRECT_OBJC_ISA_USAGE = YES_ERROR;
				CLANG_WARN_DOCUMENTATION_COMMENTS = YES;
				CLANG_WARN_EMPTY_BODY = YES;
				CLANG_WARN_ENUM_CONVERSION = YES;
				CLANG_WARN_INFINITE_RECURSION = YES;
				CLANG_WARN_INT_CONVERSION = YES;
				CLANG_WARN_NON_LITERAL_NULL_CONVERSION = YES;
				CLANG_WARN_OBJC_LITERAL_CONVERSION = YES;
				CLANG_WARN_OBJC_ROOT_CLASS = YES_ERROR;
				CLANG_WARN_RANGE_LOOP_ANALYSIS = YES;
				CLANG_WARN_STRICT_PROTOTYPES = YES;
				CLANG_WARN_SUSPICIOUS_MOVE = YES;
				CLANG_WARN_UNGUARDED_AVAILABILITY = YES_AGGRESSIVE;
				CLANG_WARN_UNREACHABLE_CODE = YES;
				CLANG_WARN__DUPLICATE_METHOD_MATCH = YES;
				CODE_SIGN_IDENTITY = "iPhone Developer";
				COPY_PHASE_STRIP = NO;
				DEBUG_INFORMATION_FORMAT = "dwarf-with-dsym";
				ENABLE_NS_ASSERTIONS = NO;
				ENABLE_STRICT_OBJC_MSGSEND = YES;
				GCC_C_LANGUAGE_STANDARD = gnu11;
				GCC_NO_COMMON_BLOCKS = YES;
				GCC_WARN_64_TO_32_BIT_CONVERSION = YES;
				GCC_WARN_ABOUT_RETURN_TYPE = YES_ERROR;
				GCC_WARN_UNDECLARED_SELECTOR = YES;
				GCC_WARN_UNINITIALIZED_AUTOS = YES_AGGRESSIVE;
				GCC_WARN_UNUSED_FUNCTION = YES;
				GCC_WARN_UNUSED_VARIABLE = YES;
				IPHONEOS_DEPLOYMENT_TARGET = 11.2;
				MTL_ENABLE_DEBUG_INFO = NO;
				SDKROOT = iphoneos;
				SWIFT_OPTIMIZATION_LEVEL = "-Owholemodule";
				VALIDATE_PRODUCT = YES;
			};
			name = Release;
		};
		EFE3E4471FF314F500222F31 /* Debug */ = {
			isa = XCBuildConfiguration;
			baseConfigurationReference = E75D7470EFFD3C5725869207 /* Pods-Open Weather Map.debug.xcconfig */;
			buildSettings = {
				ASSETCATALOG_COMPILER_APPICON_NAME = AppIcon;
				CODE_SIGN_STYLE = Automatic;
				DEVELOPMENT_TEAM = HX7S377P6E;
				INFOPLIST_FILE = "Open Weather Map/Info.plist";
				LD_RUNPATH_SEARCH_PATHS = "$(inherited) @executable_path/Frameworks";
				PRODUCT_BUNDLE_IDENTIFIER = "com.parthi.Open-Weather-Map";
				PRODUCT_NAME = "$(TARGET_NAME)";
				SWIFT_VERSION = 4.0;
				TARGETED_DEVICE_FAMILY = "1,2";
			};
			name = Debug;
		};
		EFE3E4481FF314F500222F31 /* Release */ = {
			isa = XCBuildConfiguration;
			baseConfigurationReference = A21315563525FF52E30AF610 /* Pods-Open Weather Map.release.xcconfig */;
			buildSettings = {
				ASSETCATALOG_COMPILER_APPICON_NAME = AppIcon;
				CODE_SIGN_STYLE = Automatic;
				DEVELOPMENT_TEAM = HX7S377P6E;
				INFOPLIST_FILE = "Open Weather Map/Info.plist";
				LD_RUNPATH_SEARCH_PATHS = "$(inherited) @executable_path/Frameworks";
				PRODUCT_BUNDLE_IDENTIFIER = "com.parthi.Open-Weather-Map";
				PRODUCT_NAME = "$(TARGET_NAME)";
				SWIFT_VERSION = 4.0;
				TARGETED_DEVICE_FAMILY = "1,2";
			};
			name = Release;
		};
		EFE3E44A1FF314F500222F31 /* Debug */ = {
			isa = XCBuildConfiguration;
			baseConfigurationReference = BF50D5F61EAE2C56C01201AB /* Pods-Open Weather MapTests.debug.xcconfig */;
			buildSettings = {
				ALWAYS_EMBED_SWIFT_STANDARD_LIBRARIES = YES;
				BUNDLE_LOADER = "$(TEST_HOST)";
				CODE_SIGN_STYLE = Automatic;
				DEVELOPMENT_TEAM = HX7S377P6E;
				INFOPLIST_FILE = "Open Weather MapTests/Info.plist";
				LD_RUNPATH_SEARCH_PATHS = "$(inherited) @executable_path/Frameworks @loader_path/Frameworks";
				PRODUCT_BUNDLE_IDENTIFIER = "com.parthi.Open-Weather-MapTests";
				PRODUCT_NAME = "$(TARGET_NAME)";
				SWIFT_VERSION = 4.0;
				TARGETED_DEVICE_FAMILY = "1,2";
				TEST_HOST = "$(BUILT_PRODUCTS_DIR)/Open Weather Map.app/Open Weather Map";
			};
			name = Debug;
		};
		EFE3E44B1FF314F500222F31 /* Release */ = {
			isa = XCBuildConfiguration;
			baseConfigurationReference = CF94D0E5B64BF7184375FC19 /* Pods-Open Weather MapTests.release.xcconfig */;
			buildSettings = {
				ALWAYS_EMBED_SWIFT_STANDARD_LIBRARIES = YES;
				BUNDLE_LOADER = "$(TEST_HOST)";
				CODE_SIGN_STYLE = Automatic;
				DEVELOPMENT_TEAM = HX7S377P6E;
				INFOPLIST_FILE = "Open Weather MapTests/Info.plist";
				LD_RUNPATH_SEARCH_PATHS = "$(inherited) @executable_path/Frameworks @loader_path/Frameworks";
				PRODUCT_BUNDLE_IDENTIFIER = "com.parthi.Open-Weather-MapTests";
				PRODUCT_NAME = "$(TARGET_NAME)";
				SWIFT_VERSION = 4.0;
				TARGETED_DEVICE_FAMILY = "1,2";
				TEST_HOST = "$(BUILT_PRODUCTS_DIR)/Open Weather Map.app/Open Weather Map";
			};
			name = Release;
		};
		EFE3E44D1FF314F500222F31 /* Debug */ = {
			isa = XCBuildConfiguration;
			baseConfigurationReference = 1CB69D1694E65DE4F6B2DFE4 /* Pods-Open Weather MapUITests.debug.xcconfig */;
			buildSettings = {
				ALWAYS_EMBED_SWIFT_STANDARD_LIBRARIES = YES;
				CODE_SIGN_STYLE = Automatic;
				DEVELOPMENT_TEAM = HX7S377P6E;
				INFOPLIST_FILE = "Open Weather MapUITests/Info.plist";
				LD_RUNPATH_SEARCH_PATHS = "$(inherited) @executable_path/Frameworks @loader_path/Frameworks";
				PRODUCT_BUNDLE_IDENTIFIER = "com.parthi.Open-Weather-MapUITests";
				PRODUCT_NAME = "$(TARGET_NAME)";
				SWIFT_VERSION = 4.0;
				TARGETED_DEVICE_FAMILY = "1,2";
				TEST_TARGET_NAME = "Open Weather Map";
			};
			name = Debug;
		};
		EFE3E44E1FF314F500222F31 /* Release */ = {
			isa = XCBuildConfiguration;
			baseConfigurationReference = D7D67B770DEB104DD3DCC071 /* Pods-Open Weather MapUITests.release.xcconfig */;
			buildSettings = {
				ALWAYS_EMBED_SWIFT_STANDARD_LIBRARIES = YES;
				CODE_SIGN_STYLE = Automatic;
				DEVELOPMENT_TEAM = HX7S377P6E;
				INFOPLIST_FILE = "Open Weather MapUITests/Info.plist";
				LD_RUNPATH_SEARCH_PATHS = "$(inherited) @executable_path/Frameworks @loader_path/Frameworks";
				PRODUCT_BUNDLE_IDENTIFIER = "com.parthi.Open-Weather-MapUITests";
				PRODUCT_NAME = "$(TARGET_NAME)";
				SWIFT_VERSION = 4.0;
				TARGETED_DEVICE_FAMILY = "1,2";
				TEST_TARGET_NAME = "Open Weather Map";
			};
			name = Release;
		};
/* End XCBuildConfiguration section */

/* Begin XCConfigurationList section */
		EFE3E4171FF314F500222F31 /* Build configuration list for PBXProject "Open Weather Map" */ = {
			isa = XCConfigurationList;
			buildConfigurations = (
				EFE3E4441FF314F500222F31 /* Debug */,
				EFE3E4451FF314F500222F31 /* Release */,
			);
			defaultConfigurationIsVisible = 0;
			defaultConfigurationName = Release;
		};
		EFE3E4461FF314F500222F31 /* Build configuration list for PBXNativeTarget "Open Weather Map" */ = {
			isa = XCConfigurationList;
			buildConfigurations = (
				EFE3E4471FF314F500222F31 /* Debug */,
				EFE3E4481FF314F500222F31 /* Release */,
			);
			defaultConfigurationIsVisible = 0;
			defaultConfigurationName = Release;
		};
		EFE3E4491FF314F500222F31 /* Build configuration list for PBXNativeTarget "Open Weather MapTests" */ = {
			isa = XCConfigurationList;
			buildConfigurations = (
				EFE3E44A1FF314F500222F31 /* Debug */,
				EFE3E44B1FF314F500222F31 /* Release */,
			);
			defaultConfigurationIsVisible = 0;
			defaultConfigurationName = Release;
		};
		EFE3E44C1FF314F500222F31 /* Build configuration list for PBXNativeTarget "Open Weather MapUITests" */ = {
			isa = XCConfigurationList;
			buildConfigurations = (
				EFE3E44D1FF314F500222F31 /* Debug */,
				EFE3E44E1FF314F500222F31 /* Release */,
			);
			defaultConfigurationIsVisible = 0;
			defaultConfigurationName = Release;
		};
/* End XCConfigurationList section */
	};
	rootObject = EFE3E4141FF314F500222F31 /* Project object */;
}
